
Microsoft Visual Studio Solution File, Format Version 12.00
# Visual Studio Version 16
VisualStudioVersion = 16.0.29609.76
MinimumVisualStudioVersion = 10.0.40219.1
Project("{8BC9CEB8-8B4A-11D0-8D11-00A0C91BC942}") = "Test_1_c++", "Test_1_c++\Test_1_c++.vcxproj", "{6BDF9616-BCEA-4489-9CA2-17279EB4D8E1}"
EndProject
Global
	GlobalSection(SolutionConfigurationPlatforms) = preSolution
		Debug|x64 = Debug|x64
		Debug|x86 = Debug|x86
		Release|x64 = Release|x64
		Release|x86 = Release|x86
	EndGlobalSection
	GlobalSection(ProjectConfigurationPlatforms) = postSolution
		{6BDF9616-BCEA-4489-9CA2-17279EB4D8E1}.Debug|x64.ActiveCfg = Debug|x64
		{6BDF9616-BCEA-4489-9CA2-17279EB4D8E1}.Debug|x64.Build.0 = Debug|x64
		{6BDF9616-BCEA-4489-9CA2-17279EB4D8E1}.Debug|x86.ActiveCfg = Debug|Win32
		{6BDF9616-BCEA-4489-9CA2-17279EB4D8E1}.Debug|x86.Build.0 = Debug|Win32
		{6BDF9616-BCEA-4489-9CA2-17279EB4D8E1}.Release|x64.ActiveCfg = Release|x64
		{6BDF9616-BCEA-4489-9CA2-17279EB4D8E1}.Release|x64.Build.0 = Release|x64
		{6BDF9616-BCEA-4489-9CA2-17279EB4D8E1}.Release|x86.ActiveCfg = Release|Win32
		{6BDF9616-BCEA-4489-9CA2-17279EB4D8E1}.Release|x86.Build.0 = Release|Win32
	EndGlobalSection
	GlobalSection(SolutionProperties) = preSolution
		HideSolutionNode = FALSE
	EndGlobalSection
	GlobalSection(ExtensibilityGlobals) = postSolution
		SolutionGuid = {4371C5C0-0CC9-4112-A684-949E678E90D1}
	EndGlobalSection
EndGlobal
